
Microsoft Visual Studio Solution File, Format Version 12.00
# Visual Studio Version 17
VisualStudioVersion = 17.1.32210.238
MinimumVisualStudioVersion = 10.0.40219.1
Project("{8BC9CEB8-8B4A-11D0-8D11-00A0C91BC942}") = "DZ3_part1", "DZ3_part1.vcxproj", "{BA8A948E-3FCC-4C2B-AEE0-7083CA9A53E2}"
EndProject
Global
	GlobalSection(SolutionConfigurationPlatforms) = preSolution
		Debug|x64 = Debug|x64
		Debug|x86 = Debug|x86
		Release|x64 = Release|x64
		Release|x86 = Release|x86
	EndGlobalSection
	GlobalSection(ProjectConfigurationPlatforms) = postSolution
		{BA8A948E-3FCC-4C2B-AEE0-7083CA9A53E2}.Debug|x64.ActiveCfg = Debug|x64
		{BA8A948E-3FCC-4C2B-AEE0-7083CA9A53E2}.Debug|x64.Build.0 = Debug|x64
		{BA8A948E-3FCC-4C2B-AEE0-7083CA9A53E2}.Debug|x86.ActiveCfg = Debug|Win32
		{BA8A948E-3FCC-4C2B-AEE0-7083CA9A53E2}.Debug|x86.Build.0 = Debug|Win32
		{BA8A948E-3FCC-4C2B-AEE0-7083CA9A53E2}.Release|x64.ActiveCfg = Release|x64
		{BA8A948E-3FCC-4C2B-AEE0-7083CA9A53E2}.Release|x64.Build.0 = Release|x64
		{BA8A948E-3FCC-4C2B-AEE0-7083CA9A53E2}.Release|x86.ActiveCfg = Release|Win32
		{BA8A948E-3FCC-4C2B-AEE0-7083CA9A53E2}.Release|x86.Build.0 = Release|Win32
	EndGlobalSection
	GlobalSection(SolutionProperties) = preSolution
		HideSolutionNode = FALSE
	EndGlobalSection
	GlobalSection(ExtensibilityGlobals) = postSolution
		SolutionGuid = {56AC9BB0-F66A-4434-B27D-21C2E9FE1735}
	EndGlobalSection
EndGlobal
